
Microsoft Visual Studio Solution File, Format Version 12.00
# Visual Studio Version 17
VisualStudioVersion = 17.3.32929.385
MinimumVisualStudioVersion = 10.0.40219.1
Project("{FAE04EC0-301F-11D3-BF4B-00C04F79EFBC}") = "Credit card validator", "Credit card validator.csproj", "{243458D6-8E4D-4284-B41C-5A60FB15E141}"
EndProject
Global
	GlobalSection(SolutionConfigurationPlatforms) = preSolution
		Debug|Any CPU = Debug|Any CPU
		Release|Any CPU = Release|Any CPU
	EndGlobalSection
	GlobalSection(ProjectConfigurationPlatforms) = postSolution
		{243458D6-8E4D-4284-B41C-5A60FB15E141}.Debug|Any CPU.ActiveCfg = Debug|Any CPU
		{243458D6-8E4D-4284-B41C-5A60FB15E141}.Debug|Any CPU.Build.0 = Debug|Any CPU
		{243458D6-8E4D-4284-B41C-5A60FB15E141}.Release|Any CPU.ActiveCfg = Release|Any CPU
		{243458D6-8E4D-4284-B41C-5A60FB15E141}.Release|Any CPU.Build.0 = Release|Any CPU
	EndGlobalSection
	GlobalSection(SolutionProperties) = preSolution
		HideSolutionNode = FALSE
	EndGlobalSection
	GlobalSection(ExtensibilityGlobals) = postSolution
		SolutionGuid = {21BF346B-7158-4465-BBEA-7DE1D1CEF87B}
	EndGlobalSection
EndGlobal
